
Microsoft Visual Studio Solution File, Format Version 12.00
# Visual Studio Version 16
VisualStudioVersion = 16.0.30406.217
MinimumVisualStudioVersion = 10.0.40219.1
Project("{9A19103F-16F7-4668-BE54-9A1E7A4F7556}") = "CensusAnalyserProblem", "CensusAnalyserProblem\CensusAnalyserProblem.csproj", "{284DB66B-2FD1-4510-B107-DC9FE8FE690E}"
EndProject
Project("{FAE04EC0-301F-11D3-BF4B-00C04F79EFBC}") = "CensusAnalyserTest", "CensusAnalyserTest\CensusAnalyserTest.csproj", "{BB92B747-BD7E-48C7-83CE-2A434404E98D}"
EndProject
Global
	GlobalSection(SolutionConfigurationPlatforms) = preSolution
		Debug|Any CPU = Debug|Any CPU
		Release|Any CPU = Release|Any CPU
	EndGlobalSection
	GlobalSection(ProjectConfigurationPlatforms) = postSolution
		{284DB66B-2FD1-4510-B107-DC9FE8FE690E}.Debug|Any CPU.ActiveCfg = Debug|Any CPU
		{284DB66B-2FD1-4510-B107-DC9FE8FE690E}.Debug|Any CPU.Build.0 = Debug|Any CPU
		{284DB66B-2FD1-4510-B107-DC9FE8FE690E}.Release|Any CPU.ActiveCfg = Release|Any CPU
		{284DB66B-2FD1-4510-B107-DC9FE8FE690E}.Release|Any CPU.Build.0 = Release|Any CPU
		{BB92B747-BD7E-48C7-83CE-2A434404E98D}.Debug|Any CPU.ActiveCfg = Debug|Any CPU
		{BB92B747-BD7E-48C7-83CE-2A434404E98D}.Debug|Any CPU.Build.0 = Debug|Any CPU
		{BB92B747-BD7E-48C7-83CE-2A434404E98D}.Release|Any CPU.ActiveCfg = Release|Any CPU
		{BB92B747-BD7E-48C7-83CE-2A434404E98D}.Release|Any CPU.Build.0 = Release|Any CPU
	EndGlobalSection
	GlobalSection(SolutionProperties) = preSolution
		HideSolutionNode = FALSE
	EndGlobalSection
	GlobalSection(ExtensibilityGlobals) = postSolution
		SolutionGuid = {E96B8E60-274C-412A-9875-E080333929C3}
	EndGlobalSection
EndGlobal
